
Microsoft Visual Studio Solution File, Format Version 12.00
# Visual Studio 14
VisualStudioVersion = 14.0.25420.1
MinimumVisualStudioVersion = 10.0.40219.1
Project("{888888A0-9F3D-457C-B088-3A5042F75D52}") = "Tugas Modul 5 BAB 6 Kel44", "Tugas Modul 5 BAB 6 Kel44\Tugas Modul 5 BAB 6 Kel44.pyproj", "{40A80E27-7696-4462-85F8-1A067A38076B}"
EndProject
Global
	GlobalSection(SolutionConfigurationPlatforms) = preSolution
		Debug|Any CPU = Debug|Any CPU
		Release|Any CPU = Release|Any CPU
	EndGlobalSection
	GlobalSection(ProjectConfigurationPlatforms) = postSolution
		{40A80E27-7696-4462-85F8-1A067A38076B}.Debug|Any CPU.ActiveCfg = Debug|Any CPU
		{40A80E27-7696-4462-85F8-1A067A38076B}.Release|Any CPU.ActiveCfg = Release|Any CPU
	EndGlobalSection
	GlobalSection(SolutionProperties) = preSolution
		HideSolutionNode = FALSE
	EndGlobalSection
EndGlobal
